
Microsoft Visual Studio Solution File, Format Version 12.00
# Visual Studio 15
VisualStudioVersion = 15.0.27428.2043
MinimumVisualStudioVersion = 10.0.40219.1
Project("{FAE04EC0-301F-11D3-BF4B-00C04F79EFBC}") = "JoyOfCodeSamples", "JoyOfCodeSamples.csproj", "{D5F85CD8-4096-4EC9-946E-65ED4596D41A}"
EndProject
Global
	GlobalSection(SolutionConfigurationPlatforms) = preSolution
		Debug|Any CPU = Debug|Any CPU
		Release|Any CPU = Release|Any CPU
	EndGlobalSection
	GlobalSection(ProjectConfigurationPlatforms) = postSolution
		{D5F85CD8-4096-4EC9-946E-65ED4596D41A}.Debug|Any CPU.ActiveCfg = Debug|Any CPU
		{D5F85CD8-4096-4EC9-946E-65ED4596D41A}.Debug|Any CPU.Build.0 = Debug|Any CPU
		{D5F85CD8-4096-4EC9-946E-65ED4596D41A}.Release|Any CPU.ActiveCfg = Release|Any CPU
		{D5F85CD8-4096-4EC9-946E-65ED4596D41A}.Release|Any CPU.Build.0 = Release|Any CPU
	EndGlobalSection
	GlobalSection(SolutionProperties) = preSolution
		HideSolutionNode = FALSE
	EndGlobalSection
	GlobalSection(ExtensibilityGlobals) = postSolution
		SolutionGuid = {2B261891-F982-4A16-ADE6-6FD1EC94544A}
	EndGlobalSection
EndGlobal
